PODS:
  - SwiftCheck (0.8.1)

DEPENDENCIES:
  - SwiftCheck (from `https://github.com/typelift/SwiftCheck.git`, commit `df82fb889864945c64458f38846702af729b3ee4`)

EXTERNAL SOURCES:
  SwiftCheck:
    :commit: df82fb889864945c64458f38846702af729b3ee4
    :git: https://github.com/typelift/SwiftCheck.git

CHECKOUT OPTIONS:
  SwiftCheck:
    :commit: df82fb889864945c64458f38846702af729b3ee4
    :git: https://github.com/typelift/SwiftCheck.git

SPEC CHECKSUMS:
  SwiftCheck: 6ab9c2382eda70eebcd3cca9ada74de19b2b4d0a

PODFILE CHECKSUM: 9a7935e4b52e1c27594cc1e5e09a9a12c555eb33

COCOAPODS: 1.5.0
