PODS:
  - SwiftCheck (0.7.1)

DEPENDENCIES:
  - SwiftCheck (from `git@github.com:typelift/SwiftCheck.git`, branch `master`)

EXTERNAL SOURCES:
  SwiftCheck:
    :branch: master
    :git: git@github.com:typelift/SwiftCheck.git

CHECKOUT OPTIONS:
  SwiftCheck:
    :commit: 0e2d31cbf718cc31bb2f80a65760439ecc3ee7fc
    :git: git@github.com:typelift/SwiftCheck.git

SPEC CHECKSUMS:
  SwiftCheck: f7836e0af0bbd1dfeb04a7f1d0bdbfd619d01d44

PODFILE CHECKSUM: 5b5264f7116d33bcc263de972608eb420d364ea0

COCOAPODS: 1.1.1
